
Microsoft Visual Studio Solution File, Format Version 12.00
# Visual Studio 2012
Project("{3947E667-4C90-4C3A-BEB9-7148D6FE0D7C}") = "Kernel", "KernelLand\Kernel\Kernel.dproj", "{5E388702-A5EB-4DFF-9A9C-D59DAE72A604}"
EndProject
Project("{2150E333-8FDC-42A3-9474-1A3956D46DE8}") = "Modules", "Modules", "{B93E1E9D-35AB-408C-918D-9D583C5D7A7A}"
EndProject
Project("{2150E333-8FDC-42A3-9474-1A3956D46DE8}") = "Storage", "Storage", "{F82CB059-D924-4CDE-ADB7-96BBEED22194}"
EndProject
Project("{3947E667-4C90-4C3A-BEB9-7148D6FE0D7C}") = "ATA", "KernelLand\Modules\Storage\ATA\ATA.dproj", "{D5971826-B19E-411A-ABA6-1DD95D52F65B}"
EndProject
Project("{2150E333-8FDC-42A3-9474-1A3956D46DE8}") = "Input", "Input", "{CC7E0B73-717C-4A49-95C5-6768A0CF6DC6}"
EndProject
Project("{3947E667-4C90-4C3A-BEB9-7148D6FE0D7C}") = "PS2KeyboardMouse", "KernelLand\Modules\Input\PS2KeyboardMouse\PS2KeyboardMouse.dproj", "{22369487-32AF-4C9A-A292-367863BF04F9}"
EndProject
Project("{3947E667-4C90-4C3A-BEB9-7148D6FE0D7C}") = "Keyboard", "KernelLand\Modules\Input\Keyboard\Keyboard.dproj", "{4C9E264A-6965-43A1-B793-4E376DF46B2E}"
EndProject
Project("{3947E667-4C90-4C3A-BEB9-7148D6FE0D7C}") = "Mouse", "KernelLand\Modules\Input\Mouse\Mouse.dproj", "{F2101593-B196-45D3-9C22-AA77CBE76254}"
EndProject
Project("{2150E333-8FDC-42A3-9474-1A3956D46DE8}") = "Filesystem", "Filesystem", "{6C1042A1-528E-40DD-9777-2E42C94DE342}"
EndProject
Project("{3947E667-4C90-4C3A-BEB9-7148D6FE0D7C}") = "Ext2", "KernelLand\Modules\Filesystem\Ext2\Ext2.dproj", "{F925B1B2-7D47-44BD-9064-20908DEFA840}"
EndProject
Project("{2150E333-8FDC-42A3-9474-1A3956D46DE8}") = "Terminal", "Terminal", "{03381496-4B63-4757-B3B5-31AC35D72977}"
EndProject
Project("{3947E667-4C90-4C3A-BEB9-7148D6FE0D7C}") = "VTY", "KernelLand\Modules\Terminal\VTY\VTY.dproj", "{5FBE9889-D870-43F8-9B75-01D0F21C2752}"
EndProject
Project("{3947E667-4C90-4C3A-BEB9-7148D6FE0D7C}") = "Test", "UserSpace\tmp\Test\Test.dproj", "{58448E19-8B89-4A54-8959-F8EA4C08B0F5}"
EndProject
Project("{2150E333-8FDC-42A3-9474-1A3956D46DE8}") = "Library", "Library", "{9B5B947C-41C1-48ED-B2BA-A77E369EDF31}"
EndProject
Project("{2150E333-8FDC-42A3-9474-1A3956D46DE8}") = "Kappa.framework", "Kappa.framework", "{DD11AD01-78BF-49E6-87F4-FAB1DD8B445F}"
EndProject
Project("{3947E667-4C90-4C3A-BEB9-7148D6FE0D7C}") = "Kappa", "Userspace\Library\Kappa.framework\Kappa.so_src\Kappa.dproj", "{06DD3358-17BF-467C-A8BB-6004939AE46D}"
EndProject
Project("{3947E667-4C90-4C3A-BEB9-7148D6FE0D7C}") = "Runtime", "Userspace\Library\Kappa.framework\Runtime.so_src\Runtime.dproj", "{97D14203-57EC-4E79-9B90-8B1B863526F8}"
EndProject
Global
	GlobalSection(SolutionConfigurationPlatforms) = preSolution
		Debug|Any CPU = Debug|Any CPU
		Release|Any CPU = Release|Any CPU
		Unittest|Any CPU = Unittest|Any CPU
	EndGlobalSection
	GlobalSection(ProjectConfigurationPlatforms) = postSolution
		{06DD3358-17BF-467C-A8BB-6004939AE46D}.Debug|Any CPU.ActiveCfg = Debug|Any CPU
		{06DD3358-17BF-467C-A8BB-6004939AE46D}.Debug|Any CPU.Build.0 = Debug|Any CPU
		{06DD3358-17BF-467C-A8BB-6004939AE46D}.Release|Any CPU.ActiveCfg = Release|Any CPU
		{06DD3358-17BF-467C-A8BB-6004939AE46D}.Release|Any CPU.Build.0 = Release|Any CPU
		{06DD3358-17BF-467C-A8BB-6004939AE46D}.Unittest|Any CPU.ActiveCfg = Unittest|Any CPU
		{06DD3358-17BF-467C-A8BB-6004939AE46D}.Unittest|Any CPU.Build.0 = Unittest|Any CPU
		{22369487-32AF-4C9A-A292-367863BF04F9}.Debug|Any CPU.ActiveCfg = Debug|Any CPU
		{22369487-32AF-4C9A-A292-367863BF04F9}.Debug|Any CPU.Build.0 = Debug|Any CPU
		{22369487-32AF-4C9A-A292-367863BF04F9}.Release|Any CPU.ActiveCfg = Release|Any CPU
		{22369487-32AF-4C9A-A292-367863BF04F9}.Release|Any CPU.Build.0 = Release|Any CPU
		{22369487-32AF-4C9A-A292-367863BF04F9}.Unittest|Any CPU.ActiveCfg = Unittest|Any CPU
		{22369487-32AF-4C9A-A292-367863BF04F9}.Unittest|Any CPU.Build.0 = Unittest|Any CPU
		{4C9E264A-6965-43A1-B793-4E376DF46B2E}.Debug|Any CPU.ActiveCfg = Debug|Any CPU
		{4C9E264A-6965-43A1-B793-4E376DF46B2E}.Debug|Any CPU.Build.0 = Debug|Any CPU
		{4C9E264A-6965-43A1-B793-4E376DF46B2E}.Release|Any CPU.ActiveCfg = Release|Any CPU
		{4C9E264A-6965-43A1-B793-4E376DF46B2E}.Release|Any CPU.Build.0 = Release|Any CPU
		{4C9E264A-6965-43A1-B793-4E376DF46B2E}.Unittest|Any CPU.ActiveCfg = Unittest|Any CPU
		{4C9E264A-6965-43A1-B793-4E376DF46B2E}.Unittest|Any CPU.Build.0 = Unittest|Any CPU
		{58448E19-8B89-4A54-8959-F8EA4C08B0F5}.Debug|Any CPU.ActiveCfg = Debug|Any CPU
		{58448E19-8B89-4A54-8959-F8EA4C08B0F5}.Debug|Any CPU.Build.0 = Debug|Any CPU
		{58448E19-8B89-4A54-8959-F8EA4C08B0F5}.Release|Any CPU.ActiveCfg = Release|Any CPU
		{58448E19-8B89-4A54-8959-F8EA4C08B0F5}.Release|Any CPU.Build.0 = Release|Any CPU
		{58448E19-8B89-4A54-8959-F8EA4C08B0F5}.Unittest|Any CPU.ActiveCfg = Unittest|Any CPU
		{58448E19-8B89-4A54-8959-F8EA4C08B0F5}.Unittest|Any CPU.Build.0 = Unittest|Any CPU
		{5E388702-A5EB-4DFF-9A9C-D59DAE72A604}.Debug|Any CPU.ActiveCfg = Debug|Any CPU
		{5E388702-A5EB-4DFF-9A9C-D59DAE72A604}.Debug|Any CPU.Build.0 = Debug|Any CPU
		{5E388702-A5EB-4DFF-9A9C-D59DAE72A604}.Release|Any CPU.ActiveCfg = Release|Any CPU
		{5E388702-A5EB-4DFF-9A9C-D59DAE72A604}.Release|Any CPU.Build.0 = Release|Any CPU
		{5E388702-A5EB-4DFF-9A9C-D59DAE72A604}.Unittest|Any CPU.ActiveCfg = Unittest|Any CPU
		{5E388702-A5EB-4DFF-9A9C-D59DAE72A604}.Unittest|Any CPU.Build.0 = Unittest|Any CPU
		{5FBE9889-D870-43F8-9B75-01D0F21C2752}.Debug|Any CPU.ActiveCfg = Debug|Any CPU
		{5FBE9889-D870-43F8-9B75-01D0F21C2752}.Debug|Any CPU.Build.0 = Debug|Any CPU
		{5FBE9889-D870-43F8-9B75-01D0F21C2752}.Release|Any CPU.ActiveCfg = Release|Any CPU
		{5FBE9889-D870-43F8-9B75-01D0F21C2752}.Release|Any CPU.Build.0 = Release|Any CPU
		{5FBE9889-D870-43F8-9B75-01D0F21C2752}.Unittest|Any CPU.ActiveCfg = Unittest|Any CPU
		{5FBE9889-D870-43F8-9B75-01D0F21C2752}.Unittest|Any CPU.Build.0 = Unittest|Any CPU
		{97D14203-57EC-4E79-9B90-8B1B863526F8}.Debug|Any CPU.ActiveCfg = Debug|Any CPU
		{97D14203-57EC-4E79-9B90-8B1B863526F8}.Debug|Any CPU.Build.0 = Debug|Any CPU
		{97D14203-57EC-4E79-9B90-8B1B863526F8}.Release|Any CPU.ActiveCfg = Release|Any CPU
		{97D14203-57EC-4E79-9B90-8B1B863526F8}.Release|Any CPU.Build.0 = Release|Any CPU
		{97D14203-57EC-4E79-9B90-8B1B863526F8}.Unittest|Any CPU.ActiveCfg = Unittest|Any CPU
		{97D14203-57EC-4E79-9B90-8B1B863526F8}.Unittest|Any CPU.Build.0 = Unittest|Any CPU
		{D5971826-B19E-411A-ABA6-1DD95D52F65B}.Debug|Any CPU.ActiveCfg = Debug|Any CPU
		{D5971826-B19E-411A-ABA6-1DD95D52F65B}.Debug|Any CPU.Build.0 = Debug|Any CPU
		{D5971826-B19E-411A-ABA6-1DD95D52F65B}.Release|Any CPU.ActiveCfg = Release|Any CPU
		{D5971826-B19E-411A-ABA6-1DD95D52F65B}.Release|Any CPU.Build.0 = Release|Any CPU
		{D5971826-B19E-411A-ABA6-1DD95D52F65B}.Unittest|Any CPU.ActiveCfg = Unittest|Any CPU
		{D5971826-B19E-411A-ABA6-1DD95D52F65B}.Unittest|Any CPU.Build.0 = Unittest|Any CPU
		{F2101593-B196-45D3-9C22-AA77CBE76254}.Debug|Any CPU.ActiveCfg = Debug|Any CPU
		{F2101593-B196-45D3-9C22-AA77CBE76254}.Debug|Any CPU.Build.0 = Debug|Any CPU
		{F2101593-B196-45D3-9C22-AA77CBE76254}.Release|Any CPU.ActiveCfg = Release|Any CPU
		{F2101593-B196-45D3-9C22-AA77CBE76254}.Release|Any CPU.Build.0 = Release|Any CPU
		{F2101593-B196-45D3-9C22-AA77CBE76254}.Unittest|Any CPU.ActiveCfg = Unittest|Any CPU
		{F2101593-B196-45D3-9C22-AA77CBE76254}.Unittest|Any CPU.Build.0 = Unittest|Any CPU
		{F925B1B2-7D47-44BD-9064-20908DEFA840}.Debug|Any CPU.ActiveCfg = Debug|Any CPU
		{F925B1B2-7D47-44BD-9064-20908DEFA840}.Debug|Any CPU.Build.0 = Debug|Any CPU
		{F925B1B2-7D47-44BD-9064-20908DEFA840}.Release|Any CPU.ActiveCfg = Release|Any CPU
		{F925B1B2-7D47-44BD-9064-20908DEFA840}.Release|Any CPU.Build.0 = Release|Any CPU
		{F925B1B2-7D47-44BD-9064-20908DEFA840}.Unittest|Any CPU.ActiveCfg = Unittest|Any CPU
		{F925B1B2-7D47-44BD-9064-20908DEFA840}.Unittest|Any CPU.Build.0 = Unittest|Any CPU
	EndGlobalSection
	GlobalSection(NestedProjects) = preSolution
		{F82CB059-D924-4CDE-ADB7-96BBEED22194} = {B93E1E9D-35AB-408C-918D-9D583C5D7A7A}
		{CC7E0B73-717C-4A49-95C5-6768A0CF6DC6} = {B93E1E9D-35AB-408C-918D-9D583C5D7A7A}
		{6C1042A1-528E-40DD-9777-2E42C94DE342} = {B93E1E9D-35AB-408C-918D-9D583C5D7A7A}
		{03381496-4B63-4757-B3B5-31AC35D72977} = {B93E1E9D-35AB-408C-918D-9D583C5D7A7A}
		{D5971826-B19E-411A-ABA6-1DD95D52F65B} = {F82CB059-D924-4CDE-ADB7-96BBEED22194}
		{22369487-32AF-4C9A-A292-367863BF04F9} = {CC7E0B73-717C-4A49-95C5-6768A0CF6DC6}
		{4C9E264A-6965-43A1-B793-4E376DF46B2E} = {CC7E0B73-717C-4A49-95C5-6768A0CF6DC6}
		{F2101593-B196-45D3-9C22-AA77CBE76254} = {CC7E0B73-717C-4A49-95C5-6768A0CF6DC6}
		{F925B1B2-7D47-44BD-9064-20908DEFA840} = {6C1042A1-528E-40DD-9777-2E42C94DE342}
		{5FBE9889-D870-43F8-9B75-01D0F21C2752} = {03381496-4B63-4757-B3B5-31AC35D72977}
		{DD11AD01-78BF-49E6-87F4-FAB1DD8B445F} = {9B5B947C-41C1-48ED-B2BA-A77E369EDF31}
		{06DD3358-17BF-467C-A8BB-6004939AE46D} = {DD11AD01-78BF-49E6-87F4-FAB1DD8B445F}
		{97D14203-57EC-4E79-9B90-8B1B863526F8} = {DD11AD01-78BF-49E6-87F4-FAB1DD8B445F}
	EndGlobalSection
	GlobalSection(MonoDevelopProperties) = preSolution
		StartupItem = KernelLand\Kernel\Kernel.dproj
		Policies = $0
		$0.TextStylePolicy = $1
		$1.EolMarker = Unix
		$1.inheritsSet = VisualStudio
		$1.inheritsScope = text/plain
		$1.scope = text/plain
		$0.TextStylePolicy = $2
		$2.inheritsSet = null
		$2.scope = text/x-d
		$0.DFormattingPolicy = $3
		$3.inheritsSet = Mono
		$3.inheritsScope = text/x-d
		$3.scope = text/x-d
		$0.StandardHeader = $4
		$4.Text = @Copyright (c) 2014 Trinix Foundation. All rights reserved.\n\nThis file is part of Trinix Operating System and is released under Trinix \nPublic Source Licence Version 0.1 (the 'Licence'). You may not use this file\nexcept in compliance with the License. The rights granted to you under the\nLicense may not be used to create, or enable the creation or redistribution\nof, unlawful or unlicensed copies of an Trinix operating system, or to\ncircumvent, violate, or enable the circumvention or violation of, any terms\nof an Trinix operating system software license agreement.\n\nYou may obtain a copy of the License at\nhttp://pastebin.com/raw.php?i=ADVe2Pc7 and read it before using this file.\n\nThe Original Code and all software distributed under the License are\ndistributed on an 'AS IS' basis, WITHOUT WARRANTIES OR CONDITIONS OF ANY \nKIND, either express or implied. See the License for the specific language\ngoverning permissions and limitations under the License.\n\nContributors:\n     Matsumoto Satoshi <satoshi@gshost.eu>\n
		$4.IncludeInNewFiles = True
		$0.NameConventionPolicy = $5
		$5.Rules = $6
		$6.NamingRule = $7
		$7.Name = Namespaces
		$7.AffectedEntity = Namespace
		$7.VisibilityMask = VisibilityMask
		$7.NamingStyle = PascalCase
		$7.IncludeInstanceMembers = True
		$7.IncludeStaticEntities = True
		$6.NamingRule = $8
		$8.Name = Types
		$8.AffectedEntity = Class, Struct, Enum, Delegate
		$8.VisibilityMask = Public
		$8.NamingStyle = PascalCase
		$8.IncludeInstanceMembers = True
		$8.IncludeStaticEntities = True
		$6.NamingRule = $9
		$9.Name = Interfaces
		$9.RequiredPrefixes = $10
		$10.String = I
		$9.AffectedEntity = Interface
		$9.VisibilityMask = Public
		$9.NamingStyle = PascalCase
		$9.IncludeInstanceMembers = True
		$9.IncludeStaticEntities = True
		$6.NamingRule = $11
		$11.Name = Attributes
		$11.RequiredSuffixes = $12
		$12.String = Attribute
		$11.AffectedEntity = CustomAttributes
		$11.VisibilityMask = Public
		$11.NamingStyle = PascalCase
		$11.IncludeInstanceMembers = True
		$11.IncludeStaticEntities = True
		$6.NamingRule = $13
		$13.Name = Event Arguments
		$13.RequiredSuffixes = $14
		$14.String = EventArgs
		$13.AffectedEntity = CustomEventArgs
		$13.VisibilityMask = Public
		$13.NamingStyle = PascalCase
		$13.IncludeInstanceMembers = True
		$13.IncludeStaticEntities = True
		$6.NamingRule = $15
		$15.Name = Exceptions
		$15.RequiredSuffixes = $16
		$16.String = Exception
		$15.AffectedEntity = CustomExceptions
		$15.VisibilityMask = VisibilityMask
		$15.NamingStyle = PascalCase
		$15.IncludeInstanceMembers = True
		$15.IncludeStaticEntities = True
		$6.NamingRule = $17
		$17.Name = Methods
		$17.AffectedEntity = Methods
		$17.VisibilityMask = Protected, Public
		$17.NamingStyle = PascalCase
		$17.IncludeInstanceMembers = True
		$17.IncludeStaticEntities = True
		$6.NamingRule = $18
		$18.Name = Static Readonly Fields
		$18.AffectedEntity = ReadonlyField
		$18.VisibilityMask = Protected, Public
		$18.NamingStyle = PascalCase
		$18.IncludeInstanceMembers = False
		$18.IncludeStaticEntities = True
		$6.NamingRule = $19
		$19.Name = Fields
		$19.AffectedEntity = Field
		$19.VisibilityMask = Protected, Public
		$19.NamingStyle = PascalCase
		$19.IncludeInstanceMembers = True
		$19.IncludeStaticEntities = True
		$6.NamingRule = $20
		$20.Name = ReadOnly Fields
		$20.AffectedEntity = ReadonlyField
		$20.VisibilityMask = Protected, Public
		$20.NamingStyle = PascalCase
		$20.IncludeInstanceMembers = True
		$20.IncludeStaticEntities = False
		$6.NamingRule = $21
		$21.Name = Constant Fields
		$21.AffectedEntity = ConstantField
		$21.VisibilityMask = Protected, Public
		$21.NamingStyle = PascalCase
		$21.IncludeInstanceMembers = True
		$21.IncludeStaticEntities = True
		$6.NamingRule = $22
		$22.Name = Properties
		$22.AffectedEntity = Property
		$22.VisibilityMask = Protected, Public
		$22.NamingStyle = PascalCase
		$22.IncludeInstanceMembers = True
		$22.IncludeStaticEntities = True
		$6.NamingRule = $23
		$23.Name = Events
		$23.AffectedEntity = Event
		$23.VisibilityMask = Protected, Public
		$23.NamingStyle = PascalCase
		$23.IncludeInstanceMembers = True
		$23.IncludeStaticEntities = True
		$6.NamingRule = $24
		$24.Name = Enum Members
		$24.AffectedEntity = EnumMember
		$24.VisibilityMask = VisibilityMask
		$24.NamingStyle = PascalCase
		$24.IncludeInstanceMembers = True
		$24.IncludeStaticEntities = True
		$6.NamingRule = $25
		$25.Name = Parameters
		$25.AffectedEntity = Parameter
		$25.VisibilityMask = VisibilityMask
		$25.NamingStyle = CamelCase
		$25.IncludeInstanceMembers = True
		$25.IncludeStaticEntities = True
		$6.NamingRule = $26
		$26.Name = Type Parameters
		$26.RequiredPrefixes = $27
		$27.String = T
		$26.AffectedEntity = TypeParameter
		$26.VisibilityMask = VisibilityMask
		$26.NamingStyle = PascalCase
		$26.IncludeInstanceMembers = True
		$26.IncludeStaticEntities = True
	EndGlobalSection
EndGlobal
