
Microsoft Visual Studio Solution File, Format Version 12.00
# Visual Studio 2012
Project("{3947E667-4C90-4C3A-BEB9-7148D6FE0D7C}") = "Kernel", "KernelLand\Kernel\Kernel.dproj", "{5E388702-A5EB-4DFF-9A9C-D59DAE72A604}"
EndProject
Project("{2150E333-8FDC-42A3-9474-1A3956D46DE8}") = "Modules", "Modules", "{B93E1E9D-35AB-408C-918D-9D583C5D7A7A}"
EndProject
Project("{2150E333-8FDC-42A3-9474-1A3956D46DE8}") = "Storage", "Storage", "{F82CB059-D924-4CDE-ADB7-96BBEED22194}"
EndProject
Project("{3947E667-4C90-4C3A-BEB9-7148D6FE0D7C}") = "ATA", "KernelLand\Modules\Storage\ATA\ATA.dproj", "{D5971826-B19E-411A-ABA6-1DD95D52F65B}"
EndProject
Project("{2150E333-8FDC-42A3-9474-1A3956D46DE8}") = "Input", "Input", "{CC7E0B73-717C-4A49-95C5-6768A0CF6DC6}"
EndProject
Project("{3947E667-4C90-4C3A-BEB9-7148D6FE0D7C}") = "PS2KeyboardMouse", "KernelLand\Modules\Input\PS2KeyboardMouse\PS2KeyboardMouse.dproj", "{22369487-32AF-4C9A-A292-367863BF04F9}"
EndProject
Project("{3947E667-4C90-4C3A-BEB9-7148D6FE0D7C}") = "Keyboard", "KernelLand\Modules\Input\Keyboard\Keyboard.dproj", "{4C9E264A-6965-43A1-B793-4E376DF46B2E}"
EndProject
Project("{3947E667-4C90-4C3A-BEB9-7148D6FE0D7C}") = "Mouse", "KernelLand\Modules\Input\Mouse\Mouse.dproj", "{F2101593-B196-45D3-9C22-AA77CBE76254}"
EndProject
Project("{2150E333-8FDC-42A3-9474-1A3956D46DE8}") = "Filesystems", "Filesystems", "{6C1042A1-528E-40DD-9777-2E42C94DE342}"
EndProject
Project("{3947E667-4C90-4C3A-BEB9-7148D6FE0D7C}") = "Ext2", "KernelLand\Modules\Filesystems\Ext2\Ext2.dproj", "{682BBC6F-2C34-46F6-AE6C-9CE3D00BFAF3}"
EndProject
Project("{2150E333-8FDC-42A3-9474-1A3956D46DE8}") = "Terminal", "Terminal", "{03381496-4B63-4757-B3B5-31AC35D72977}"
EndProject
Project("{3947E667-4C90-4C3A-BEB9-7148D6FE0D7C}") = "VTY", "KernelLand\Modules\Terminal\VTY\VTY.dproj", "{5FBE9889-D870-43F8-9B75-01D0F21C2752}"
EndProject
Project("{3947E667-4C90-4C3A-BEB9-7148D6FE0D7C}") = "Runtime", "UserSpace\tmp\Runtime\Runtime.dproj", "{97D14203-57EC-4E79-9B90-8B1B863526F8}"
EndProject
Project("{3947E667-4C90-4C3A-BEB9-7148D6FE0D7C}") = "Framework", "UserSpace\Libraries\Framework.so_src\Framework.dproj", "{06DD3358-17BF-467C-A8BB-6004939AE46D}"
EndProject
Project("{3947E667-4C90-4C3A-BEB9-7148D6FE0D7C}") = "Test", "UserSpace\tmp\Test\Test.dproj", "{58448E19-8B89-4A54-8959-F8EA4C08B0F5}"
EndProject
Global
	GlobalSection(SolutionConfigurationPlatforms) = preSolution
		Debug|Any CPU = Debug|Any CPU
		Release|Any CPU = Release|Any CPU
		Unittest|Any CPU = Unittest|Any CPU
	EndGlobalSection
	GlobalSection(ProjectConfigurationPlatforms) = postSolution
		{06DD3358-17BF-467C-A8BB-6004939AE46D}.Debug|Any CPU.ActiveCfg = Debug|Any CPU
		{06DD3358-17BF-467C-A8BB-6004939AE46D}.Debug|Any CPU.Build.0 = Debug|Any CPU
		{06DD3358-17BF-467C-A8BB-6004939AE46D}.Release|Any CPU.ActiveCfg = Release|Any CPU
		{06DD3358-17BF-467C-A8BB-6004939AE46D}.Release|Any CPU.Build.0 = Release|Any CPU
		{06DD3358-17BF-467C-A8BB-6004939AE46D}.Unittest|Any CPU.ActiveCfg = Unittest|Any CPU
		{06DD3358-17BF-467C-A8BB-6004939AE46D}.Unittest|Any CPU.Build.0 = Unittest|Any CPU
		{22369487-32AF-4C9A-A292-367863BF04F9}.Debug|Any CPU.ActiveCfg = Debug|Any CPU
		{22369487-32AF-4C9A-A292-367863BF04F9}.Debug|Any CPU.Build.0 = Debug|Any CPU
		{22369487-32AF-4C9A-A292-367863BF04F9}.Release|Any CPU.ActiveCfg = Release|Any CPU
		{22369487-32AF-4C9A-A292-367863BF04F9}.Release|Any CPU.Build.0 = Release|Any CPU
		{22369487-32AF-4C9A-A292-367863BF04F9}.Unittest|Any CPU.ActiveCfg = Unittest|Any CPU
		{22369487-32AF-4C9A-A292-367863BF04F9}.Unittest|Any CPU.Build.0 = Unittest|Any CPU
		{4C9E264A-6965-43A1-B793-4E376DF46B2E}.Debug|Any CPU.ActiveCfg = Debug|Any CPU
		{4C9E264A-6965-43A1-B793-4E376DF46B2E}.Debug|Any CPU.Build.0 = Debug|Any CPU
		{4C9E264A-6965-43A1-B793-4E376DF46B2E}.Release|Any CPU.ActiveCfg = Release|Any CPU
		{4C9E264A-6965-43A1-B793-4E376DF46B2E}.Release|Any CPU.Build.0 = Release|Any CPU
		{4C9E264A-6965-43A1-B793-4E376DF46B2E}.Unittest|Any CPU.ActiveCfg = Unittest|Any CPU
		{4C9E264A-6965-43A1-B793-4E376DF46B2E}.Unittest|Any CPU.Build.0 = Unittest|Any CPU
		{58448E19-8B89-4A54-8959-F8EA4C08B0F5}.Debug|Any CPU.ActiveCfg = Debug|Any CPU
		{58448E19-8B89-4A54-8959-F8EA4C08B0F5}.Debug|Any CPU.Build.0 = Debug|Any CPU
		{58448E19-8B89-4A54-8959-F8EA4C08B0F5}.Release|Any CPU.ActiveCfg = Release|Any CPU
		{58448E19-8B89-4A54-8959-F8EA4C08B0F5}.Release|Any CPU.Build.0 = Release|Any CPU
		{58448E19-8B89-4A54-8959-F8EA4C08B0F5}.Unittest|Any CPU.ActiveCfg = Unittest|Any CPU
		{58448E19-8B89-4A54-8959-F8EA4C08B0F5}.Unittest|Any CPU.Build.0 = Unittest|Any CPU
		{5E388702-A5EB-4DFF-9A9C-D59DAE72A604}.Debug|Any CPU.ActiveCfg = Debug|Any CPU
		{5E388702-A5EB-4DFF-9A9C-D59DAE72A604}.Debug|Any CPU.Build.0 = Debug|Any CPU
		{5E388702-A5EB-4DFF-9A9C-D59DAE72A604}.Release|Any CPU.ActiveCfg = Release|Any CPU
		{5E388702-A5EB-4DFF-9A9C-D59DAE72A604}.Release|Any CPU.Build.0 = Release|Any CPU
		{5E388702-A5EB-4DFF-9A9C-D59DAE72A604}.Unittest|Any CPU.ActiveCfg = Unittest|Any CPU
		{5E388702-A5EB-4DFF-9A9C-D59DAE72A604}.Unittest|Any CPU.Build.0 = Unittest|Any CPU
		{5FBE9889-D870-43F8-9B75-01D0F21C2752}.Debug|Any CPU.ActiveCfg = Debug|Any CPU
		{5FBE9889-D870-43F8-9B75-01D0F21C2752}.Debug|Any CPU.Build.0 = Debug|Any CPU
		{5FBE9889-D870-43F8-9B75-01D0F21C2752}.Release|Any CPU.ActiveCfg = Release|Any CPU
		{5FBE9889-D870-43F8-9B75-01D0F21C2752}.Release|Any CPU.Build.0 = Release|Any CPU
		{5FBE9889-D870-43F8-9B75-01D0F21C2752}.Unittest|Any CPU.ActiveCfg = Unittest|Any CPU
		{5FBE9889-D870-43F8-9B75-01D0F21C2752}.Unittest|Any CPU.Build.0 = Unittest|Any CPU
		{682BBC6F-2C34-46F6-AE6C-9CE3D00BFAF3}.Debug|Any CPU.ActiveCfg = Debug|Any CPU
		{682BBC6F-2C34-46F6-AE6C-9CE3D00BFAF3}.Debug|Any CPU.Build.0 = Debug|Any CPU
		{682BBC6F-2C34-46F6-AE6C-9CE3D00BFAF3}.Release|Any CPU.ActiveCfg = Release|Any CPU
		{682BBC6F-2C34-46F6-AE6C-9CE3D00BFAF3}.Release|Any CPU.Build.0 = Release|Any CPU
		{682BBC6F-2C34-46F6-AE6C-9CE3D00BFAF3}.Unittest|Any CPU.ActiveCfg = Unittest|Any CPU
		{682BBC6F-2C34-46F6-AE6C-9CE3D00BFAF3}.Unittest|Any CPU.Build.0 = Unittest|Any CPU
		{97D14203-57EC-4E79-9B90-8B1B863526F8}.Debug|Any CPU.ActiveCfg = Debug|Any CPU
		{97D14203-57EC-4E79-9B90-8B1B863526F8}.Debug|Any CPU.Build.0 = Debug|Any CPU
		{97D14203-57EC-4E79-9B90-8B1B863526F8}.Release|Any CPU.ActiveCfg = Release|Any CPU
		{97D14203-57EC-4E79-9B90-8B1B863526F8}.Release|Any CPU.Build.0 = Release|Any CPU
		{97D14203-57EC-4E79-9B90-8B1B863526F8}.Unittest|Any CPU.ActiveCfg = Unittest|Any CPU
		{97D14203-57EC-4E79-9B90-8B1B863526F8}.Unittest|Any CPU.Build.0 = Unittest|Any CPU
		{D5971826-B19E-411A-ABA6-1DD95D52F65B}.Debug|Any CPU.ActiveCfg = Debug|Any CPU
		{D5971826-B19E-411A-ABA6-1DD95D52F65B}.Debug|Any CPU.Build.0 = Debug|Any CPU
		{D5971826-B19E-411A-ABA6-1DD95D52F65B}.Release|Any CPU.ActiveCfg = Release|Any CPU
		{D5971826-B19E-411A-ABA6-1DD95D52F65B}.Release|Any CPU.Build.0 = Release|Any CPU
		{D5971826-B19E-411A-ABA6-1DD95D52F65B}.Unittest|Any CPU.ActiveCfg = Unittest|Any CPU
		{D5971826-B19E-411A-ABA6-1DD95D52F65B}.Unittest|Any CPU.Build.0 = Unittest|Any CPU
		{F2101593-B196-45D3-9C22-AA77CBE76254}.Debug|Any CPU.ActiveCfg = Debug|Any CPU
		{F2101593-B196-45D3-9C22-AA77CBE76254}.Debug|Any CPU.Build.0 = Debug|Any CPU
		{F2101593-B196-45D3-9C22-AA77CBE76254}.Release|Any CPU.ActiveCfg = Release|Any CPU
		{F2101593-B196-45D3-9C22-AA77CBE76254}.Release|Any CPU.Build.0 = Release|Any CPU
		{F2101593-B196-45D3-9C22-AA77CBE76254}.Unittest|Any CPU.ActiveCfg = Unittest|Any CPU
		{F2101593-B196-45D3-9C22-AA77CBE76254}.Unittest|Any CPU.Build.0 = Unittest|Any CPU
	EndGlobalSection
	GlobalSection(NestedProjects) = preSolution
		{F82CB059-D924-4CDE-ADB7-96BBEED22194} = {B93E1E9D-35AB-408C-918D-9D583C5D7A7A}
		{CC7E0B73-717C-4A49-95C5-6768A0CF6DC6} = {B93E1E9D-35AB-408C-918D-9D583C5D7A7A}
		{6C1042A1-528E-40DD-9777-2E42C94DE342} = {B93E1E9D-35AB-408C-918D-9D583C5D7A7A}
		{03381496-4B63-4757-B3B5-31AC35D72977} = {B93E1E9D-35AB-408C-918D-9D583C5D7A7A}
		{D5971826-B19E-411A-ABA6-1DD95D52F65B} = {F82CB059-D924-4CDE-ADB7-96BBEED22194}
		{22369487-32AF-4C9A-A292-367863BF04F9} = {CC7E0B73-717C-4A49-95C5-6768A0CF6DC6}
		{4C9E264A-6965-43A1-B793-4E376DF46B2E} = {CC7E0B73-717C-4A49-95C5-6768A0CF6DC6}
		{F2101593-B196-45D3-9C22-AA77CBE76254} = {CC7E0B73-717C-4A49-95C5-6768A0CF6DC6}
		{682BBC6F-2C34-46F6-AE6C-9CE3D00BFAF3} = {6C1042A1-528E-40DD-9777-2E42C94DE342}
		{5FBE9889-D870-43F8-9B75-01D0F21C2752} = {03381496-4B63-4757-B3B5-31AC35D72977}
	EndGlobalSection
	GlobalSection(MonoDevelopProperties) = preSolution
		StartupItem = KernelLand\Kernel\Kernel.dproj
	EndGlobalSection
EndGlobal
