
Microsoft Visual Studio Solution File, Format Version 12.00
# Visual Studio 2012
VisualStudioVersion = 14.0.23107.0
MinimumVisualStudioVersion = 10.0.40219.1
Project("{2150E333-8FDC-42A3-9474-1A3956D46DE8}") = "Modules", "Modules", "{D5097E94-3C40-46D9-A46B-F6F32D4E08B4}"
EndProject
Project("{2150E333-8FDC-42A3-9474-1A3956D46DE8}") = "FileSystem", "FileSystem", "{ECC22CF4-7EC8-4857-93E7-343892BD7258}"
EndProject
Project("{9344BDBB-3E7F-41FC-A0DD-8665D75EE146}") = "Ext2", "KernelLand\Modules\FileSystem\Ext2\Ext2.mdproj", "{C3B6FE2A-E046-477B-9DE5-BFB862FE3298}"
EndProject
Project("{2150E333-8FDC-42A3-9474-1A3956D46DE8}") = "Storage", "Storage", "{5646FD4C-A481-4FB4-84D8-80C51BFB40A3}"
EndProject
Project("{9344BDBB-3E7F-41FC-A0DD-8665D75EE146}") = "ATA", "KernelLand\Modules\Storage\ATA\ATA.mdproj", "{834F80D2-57C2-4E82-B6F8-EF39294A6A4F}"
EndProject
Project("{2150E333-8FDC-42A3-9474-1A3956D46DE8}") = "Input", "Input", "{67F57504-7F2F-4670-BB9E-5801B4DBA99A}"
EndProject
Project("{9344BDBB-3E7F-41FC-A0DD-8665D75EE146}") = "Keyboard", "KernelLand\Modules\Input\Keyboard\Keyboard.mdproj", "{7DF2A99B-0DD7-4D6D-9EBB-14FA67DC4716}"
EndProject
Project("{9344BDBB-3E7F-41FC-A0DD-8665D75EE146}") = "Mouse", "KernelLand\Modules\Input\Mouse\Mouse.mdproj", "{E3BCBACF-E623-4E61-96F6-C3B0306B5373}"
EndProject
Project("{9344BDBB-3E7F-41FC-A0DD-8665D75EE146}") = "PS2KeyboardMouse", "KernelLand\Modules\Input\PS2KeyboardMouse\PS2KeyboardMouse.mdproj", "{D91728C6-3DEF-4A60-A625-8DD0DDE3CF8B}"
EndProject
Project("{9344BDBB-3E7F-41FC-A0DD-8665D75EE146}") = "Kernel", "KernelLand\Kernel\Kernel.mdproj", "{95334AE0-8FF5-4824-A1E1-91183A627D46}"
EndProject
Global
	GlobalSection(SolutionConfigurationPlatforms) = preSolution
		Debug DMD|x64 = Debug DMD|x64
		Debug DMD|x86 = Debug DMD|x86
		Debug GDC|x64 = Debug GDC|x64
		Debug GDC|x86 = Debug GDC|x86
		Release DMD|x64 = Release DMD|x64
		Release DMD|x86 = Release DMD|x86
		Release GDC|x64 = Release GDC|x64
		Release GDC|x86 = Release GDC|x86
		Default|Any CPU = Default|Any CPU
		Debug|Any CPU = Debug|Any CPU
		Release|Any CPU = Release|Any CPU
	EndGlobalSection
	GlobalSection(ProjectConfigurationPlatforms) = postSolution
		{7DF2A99B-0DD7-4D6D-9EBB-14FA67DC4716}.Debug DMD|x64.ActiveCfg = Default|Any CPU
		{7DF2A99B-0DD7-4D6D-9EBB-14FA67DC4716}.Debug DMD|x64.Build.0 = Default|Any CPU
		{7DF2A99B-0DD7-4D6D-9EBB-14FA67DC4716}.Debug DMD|x86.ActiveCfg = Default|Any CPU
		{7DF2A99B-0DD7-4D6D-9EBB-14FA67DC4716}.Debug DMD|x86.Build.0 = Default|Any CPU
		{7DF2A99B-0DD7-4D6D-9EBB-14FA67DC4716}.Debug GDC|x64.ActiveCfg = Default|Any CPU
		{7DF2A99B-0DD7-4D6D-9EBB-14FA67DC4716}.Debug GDC|x64.Build.0 = Default|Any CPU
		{7DF2A99B-0DD7-4D6D-9EBB-14FA67DC4716}.Debug GDC|x86.ActiveCfg = Default|Any CPU
		{7DF2A99B-0DD7-4D6D-9EBB-14FA67DC4716}.Debug GDC|x86.Build.0 = Default|Any CPU
		{7DF2A99B-0DD7-4D6D-9EBB-14FA67DC4716}.Debug|Any CPU.ActiveCfg = Default|Any CPU
		{7DF2A99B-0DD7-4D6D-9EBB-14FA67DC4716}.Debug|Any CPU.Build.0 = Default|Any CPU
		{7DF2A99B-0DD7-4D6D-9EBB-14FA67DC4716}.Default|Any CPU.ActiveCfg = Default|Any CPU
		{7DF2A99B-0DD7-4D6D-9EBB-14FA67DC4716}.Default|Any CPU.Build.0 = Default|Any CPU
		{7DF2A99B-0DD7-4D6D-9EBB-14FA67DC4716}.Release DMD|x64.ActiveCfg = Default|Any CPU
		{7DF2A99B-0DD7-4D6D-9EBB-14FA67DC4716}.Release DMD|x64.Build.0 = Default|Any CPU
		{7DF2A99B-0DD7-4D6D-9EBB-14FA67DC4716}.Release DMD|x86.ActiveCfg = Default|Any CPU
		{7DF2A99B-0DD7-4D6D-9EBB-14FA67DC4716}.Release DMD|x86.Build.0 = Default|Any CPU
		{7DF2A99B-0DD7-4D6D-9EBB-14FA67DC4716}.Release GDC|x64.ActiveCfg = Default|Any CPU
		{7DF2A99B-0DD7-4D6D-9EBB-14FA67DC4716}.Release GDC|x64.Build.0 = Default|Any CPU
		{7DF2A99B-0DD7-4D6D-9EBB-14FA67DC4716}.Release GDC|x86.ActiveCfg = Default|Any CPU
		{7DF2A99B-0DD7-4D6D-9EBB-14FA67DC4716}.Release GDC|x86.Build.0 = Default|Any CPU
		{7DF2A99B-0DD7-4D6D-9EBB-14FA67DC4716}.Release|Any CPU.ActiveCfg = Default|Any CPU
		{7DF2A99B-0DD7-4D6D-9EBB-14FA67DC4716}.Release|Any CPU.Build.0 = Default|Any CPU
		{834F80D2-57C2-4E82-B6F8-EF39294A6A4F}.Debug DMD|x64.ActiveCfg = Default|Any CPU
		{834F80D2-57C2-4E82-B6F8-EF39294A6A4F}.Debug DMD|x64.Build.0 = Default|Any CPU
		{834F80D2-57C2-4E82-B6F8-EF39294A6A4F}.Debug DMD|x86.ActiveCfg = Default|Any CPU
		{834F80D2-57C2-4E82-B6F8-EF39294A6A4F}.Debug DMD|x86.Build.0 = Default|Any CPU
		{834F80D2-57C2-4E82-B6F8-EF39294A6A4F}.Debug GDC|x64.ActiveCfg = Default|Any CPU
		{834F80D2-57C2-4E82-B6F8-EF39294A6A4F}.Debug GDC|x64.Build.0 = Default|Any CPU
		{834F80D2-57C2-4E82-B6F8-EF39294A6A4F}.Debug GDC|x86.ActiveCfg = Default|Any CPU
		{834F80D2-57C2-4E82-B6F8-EF39294A6A4F}.Debug GDC|x86.Build.0 = Default|Any CPU
		{834F80D2-57C2-4E82-B6F8-EF39294A6A4F}.Debug|Any CPU.ActiveCfg = Default|Any CPU
		{834F80D2-57C2-4E82-B6F8-EF39294A6A4F}.Debug|Any CPU.Build.0 = Default|Any CPU
		{834F80D2-57C2-4E82-B6F8-EF39294A6A4F}.Default|Any CPU.ActiveCfg = Default|Any CPU
		{834F80D2-57C2-4E82-B6F8-EF39294A6A4F}.Default|Any CPU.Build.0 = Default|Any CPU
		{834F80D2-57C2-4E82-B6F8-EF39294A6A4F}.Release DMD|x64.ActiveCfg = Default|Any CPU
		{834F80D2-57C2-4E82-B6F8-EF39294A6A4F}.Release DMD|x64.Build.0 = Default|Any CPU
		{834F80D2-57C2-4E82-B6F8-EF39294A6A4F}.Release DMD|x86.ActiveCfg = Default|Any CPU
		{834F80D2-57C2-4E82-B6F8-EF39294A6A4F}.Release DMD|x86.Build.0 = Default|Any CPU
		{834F80D2-57C2-4E82-B6F8-EF39294A6A4F}.Release GDC|x64.ActiveCfg = Default|Any CPU
		{834F80D2-57C2-4E82-B6F8-EF39294A6A4F}.Release GDC|x64.Build.0 = Default|Any CPU
		{834F80D2-57C2-4E82-B6F8-EF39294A6A4F}.Release GDC|x86.ActiveCfg = Default|Any CPU
		{834F80D2-57C2-4E82-B6F8-EF39294A6A4F}.Release GDC|x86.Build.0 = Default|Any CPU
		{834F80D2-57C2-4E82-B6F8-EF39294A6A4F}.Release|Any CPU.ActiveCfg = Default|Any CPU
		{834F80D2-57C2-4E82-B6F8-EF39294A6A4F}.Release|Any CPU.Build.0 = Default|Any CPU
		{95334AE0-8FF5-4824-A1E1-91183A627D46}.Debug DMD|x64.ActiveCfg = Default|Any CPU
		{95334AE0-8FF5-4824-A1E1-91183A627D46}.Debug DMD|x64.Build.0 = Default|Any CPU
		{95334AE0-8FF5-4824-A1E1-91183A627D46}.Debug DMD|x86.ActiveCfg = Default|Any CPU
		{95334AE0-8FF5-4824-A1E1-91183A627D46}.Debug DMD|x86.Build.0 = Default|Any CPU
		{95334AE0-8FF5-4824-A1E1-91183A627D46}.Debug GDC|x64.ActiveCfg = Default|Any CPU
		{95334AE0-8FF5-4824-A1E1-91183A627D46}.Debug GDC|x64.Build.0 = Default|Any CPU
		{95334AE0-8FF5-4824-A1E1-91183A627D46}.Debug GDC|x86.ActiveCfg = Default|Any CPU
		{95334AE0-8FF5-4824-A1E1-91183A627D46}.Debug GDC|x86.Build.0 = Default|Any CPU
		{95334AE0-8FF5-4824-A1E1-91183A627D46}.Debug|Any CPU.ActiveCfg = Default|Any CPU
		{95334AE0-8FF5-4824-A1E1-91183A627D46}.Debug|Any CPU.Build.0 = Default|Any CPU
		{95334AE0-8FF5-4824-A1E1-91183A627D46}.Default|Any CPU.ActiveCfg = Default|Any CPU
		{95334AE0-8FF5-4824-A1E1-91183A627D46}.Default|Any CPU.Build.0 = Default|Any CPU
		{95334AE0-8FF5-4824-A1E1-91183A627D46}.Release DMD|x64.ActiveCfg = Default|Any CPU
		{95334AE0-8FF5-4824-A1E1-91183A627D46}.Release DMD|x64.Build.0 = Default|Any CPU
		{95334AE0-8FF5-4824-A1E1-91183A627D46}.Release DMD|x86.ActiveCfg = Default|Any CPU
		{95334AE0-8FF5-4824-A1E1-91183A627D46}.Release DMD|x86.Build.0 = Default|Any CPU
		{95334AE0-8FF5-4824-A1E1-91183A627D46}.Release GDC|x64.ActiveCfg = Default|Any CPU
		{95334AE0-8FF5-4824-A1E1-91183A627D46}.Release GDC|x64.Build.0 = Default|Any CPU
		{95334AE0-8FF5-4824-A1E1-91183A627D46}.Release GDC|x86.ActiveCfg = Default|Any CPU
		{95334AE0-8FF5-4824-A1E1-91183A627D46}.Release GDC|x86.Build.0 = Default|Any CPU
		{95334AE0-8FF5-4824-A1E1-91183A627D46}.Release|Any CPU.ActiveCfg = Default|Any CPU
		{95334AE0-8FF5-4824-A1E1-91183A627D46}.Release|Any CPU.Build.0 = Default|Any CPU
		{C3B6FE2A-E046-477B-9DE5-BFB862FE3298}.Debug DMD|x64.ActiveCfg = Default|Any CPU
		{C3B6FE2A-E046-477B-9DE5-BFB862FE3298}.Debug DMD|x64.Build.0 = Default|Any CPU
		{C3B6FE2A-E046-477B-9DE5-BFB862FE3298}.Debug DMD|x86.ActiveCfg = Default|Any CPU
		{C3B6FE2A-E046-477B-9DE5-BFB862FE3298}.Debug DMD|x86.Build.0 = Default|Any CPU
		{C3B6FE2A-E046-477B-9DE5-BFB862FE3298}.Debug GDC|x64.ActiveCfg = Default|Any CPU
		{C3B6FE2A-E046-477B-9DE5-BFB862FE3298}.Debug GDC|x64.Build.0 = Default|Any CPU
		{C3B6FE2A-E046-477B-9DE5-BFB862FE3298}.Debug GDC|x86.ActiveCfg = Default|Any CPU
		{C3B6FE2A-E046-477B-9DE5-BFB862FE3298}.Debug GDC|x86.Build.0 = Default|Any CPU
		{C3B6FE2A-E046-477B-9DE5-BFB862FE3298}.Debug|Any CPU.ActiveCfg = Default|Any CPU
		{C3B6FE2A-E046-477B-9DE5-BFB862FE3298}.Debug|Any CPU.Build.0 = Default|Any CPU
		{C3B6FE2A-E046-477B-9DE5-BFB862FE3298}.Default|Any CPU.ActiveCfg = Default|Any CPU
		{C3B6FE2A-E046-477B-9DE5-BFB862FE3298}.Default|Any CPU.Build.0 = Default|Any CPU
		{C3B6FE2A-E046-477B-9DE5-BFB862FE3298}.Release DMD|x64.ActiveCfg = Default|Any CPU
		{C3B6FE2A-E046-477B-9DE5-BFB862FE3298}.Release DMD|x64.Build.0 = Default|Any CPU
		{C3B6FE2A-E046-477B-9DE5-BFB862FE3298}.Release DMD|x86.ActiveCfg = Default|Any CPU
		{C3B6FE2A-E046-477B-9DE5-BFB862FE3298}.Release DMD|x86.Build.0 = Default|Any CPU
		{C3B6FE2A-E046-477B-9DE5-BFB862FE3298}.Release GDC|x64.ActiveCfg = Default|Any CPU
		{C3B6FE2A-E046-477B-9DE5-BFB862FE3298}.Release GDC|x64.Build.0 = Default|Any CPU
		{C3B6FE2A-E046-477B-9DE5-BFB862FE3298}.Release GDC|x86.ActiveCfg = Default|Any CPU
		{C3B6FE2A-E046-477B-9DE5-BFB862FE3298}.Release GDC|x86.Build.0 = Default|Any CPU
		{C3B6FE2A-E046-477B-9DE5-BFB862FE3298}.Release|Any CPU.ActiveCfg = Default|Any CPU
		{C3B6FE2A-E046-477B-9DE5-BFB862FE3298}.Release|Any CPU.Build.0 = Default|Any CPU
		{D91728C6-3DEF-4A60-A625-8DD0DDE3CF8B}.Debug DMD|x64.ActiveCfg = Default|Any CPU
		{D91728C6-3DEF-4A60-A625-8DD0DDE3CF8B}.Debug DMD|x64.Build.0 = Default|Any CPU
		{D91728C6-3DEF-4A60-A625-8DD0DDE3CF8B}.Debug DMD|x86.ActiveCfg = Default|Any CPU
		{D91728C6-3DEF-4A60-A625-8DD0DDE3CF8B}.Debug DMD|x86.Build.0 = Default|Any CPU
		{D91728C6-3DEF-4A60-A625-8DD0DDE3CF8B}.Debug GDC|x64.ActiveCfg = Default|Any CPU
		{D91728C6-3DEF-4A60-A625-8DD0DDE3CF8B}.Debug GDC|x64.Build.0 = Default|Any CPU
		{D91728C6-3DEF-4A60-A625-8DD0DDE3CF8B}.Debug GDC|x86.ActiveCfg = Default|Any CPU
		{D91728C6-3DEF-4A60-A625-8DD0DDE3CF8B}.Debug GDC|x86.Build.0 = Default|Any CPU
		{D91728C6-3DEF-4A60-A625-8DD0DDE3CF8B}.Debug|Any CPU.ActiveCfg = Default|Any CPU
		{D91728C6-3DEF-4A60-A625-8DD0DDE3CF8B}.Debug|Any CPU.Build.0 = Default|Any CPU
		{D91728C6-3DEF-4A60-A625-8DD0DDE3CF8B}.Default|Any CPU.ActiveCfg = Default|Any CPU
		{D91728C6-3DEF-4A60-A625-8DD0DDE3CF8B}.Default|Any CPU.Build.0 = Default|Any CPU
		{D91728C6-3DEF-4A60-A625-8DD0DDE3CF8B}.Release DMD|x64.ActiveCfg = Default|Any CPU
		{D91728C6-3DEF-4A60-A625-8DD0DDE3CF8B}.Release DMD|x64.Build.0 = Default|Any CPU
		{D91728C6-3DEF-4A60-A625-8DD0DDE3CF8B}.Release DMD|x86.ActiveCfg = Default|Any CPU
		{D91728C6-3DEF-4A60-A625-8DD0DDE3CF8B}.Release DMD|x86.Build.0 = Default|Any CPU
		{D91728C6-3DEF-4A60-A625-8DD0DDE3CF8B}.Release GDC|x64.ActiveCfg = Default|Any CPU
		{D91728C6-3DEF-4A60-A625-8DD0DDE3CF8B}.Release GDC|x64.Build.0 = Default|Any CPU
		{D91728C6-3DEF-4A60-A625-8DD0DDE3CF8B}.Release GDC|x86.ActiveCfg = Default|Any CPU
		{D91728C6-3DEF-4A60-A625-8DD0DDE3CF8B}.Release GDC|x86.Build.0 = Default|Any CPU
		{D91728C6-3DEF-4A60-A625-8DD0DDE3CF8B}.Release|Any CPU.ActiveCfg = Default|Any CPU
		{D91728C6-3DEF-4A60-A625-8DD0DDE3CF8B}.Release|Any CPU.Build.0 = Default|Any CPU
		{E3BCBACF-E623-4E61-96F6-C3B0306B5373}.Debug DMD|x64.ActiveCfg = Default|Any CPU
		{E3BCBACF-E623-4E61-96F6-C3B0306B5373}.Debug DMD|x64.Build.0 = Default|Any CPU
		{E3BCBACF-E623-4E61-96F6-C3B0306B5373}.Debug DMD|x86.ActiveCfg = Default|Any CPU
		{E3BCBACF-E623-4E61-96F6-C3B0306B5373}.Debug DMD|x86.Build.0 = Default|Any CPU
		{E3BCBACF-E623-4E61-96F6-C3B0306B5373}.Debug GDC|x64.ActiveCfg = Default|Any CPU
		{E3BCBACF-E623-4E61-96F6-C3B0306B5373}.Debug GDC|x64.Build.0 = Default|Any CPU
		{E3BCBACF-E623-4E61-96F6-C3B0306B5373}.Debug GDC|x86.ActiveCfg = Default|Any CPU
		{E3BCBACF-E623-4E61-96F6-C3B0306B5373}.Debug GDC|x86.Build.0 = Default|Any CPU
		{E3BCBACF-E623-4E61-96F6-C3B0306B5373}.Debug|Any CPU.ActiveCfg = Default|Any CPU
		{E3BCBACF-E623-4E61-96F6-C3B0306B5373}.Debug|Any CPU.Build.0 = Default|Any CPU
		{E3BCBACF-E623-4E61-96F6-C3B0306B5373}.Default|Any CPU.ActiveCfg = Default|Any CPU
		{E3BCBACF-E623-4E61-96F6-C3B0306B5373}.Default|Any CPU.Build.0 = Default|Any CPU
		{E3BCBACF-E623-4E61-96F6-C3B0306B5373}.Release DMD|x64.ActiveCfg = Default|Any CPU
		{E3BCBACF-E623-4E61-96F6-C3B0306B5373}.Release DMD|x64.Build.0 = Default|Any CPU
		{E3BCBACF-E623-4E61-96F6-C3B0306B5373}.Release DMD|x86.ActiveCfg = Default|Any CPU
		{E3BCBACF-E623-4E61-96F6-C3B0306B5373}.Release DMD|x86.Build.0 = Default|Any CPU
		{E3BCBACF-E623-4E61-96F6-C3B0306B5373}.Release GDC|x64.ActiveCfg = Default|Any CPU
		{E3BCBACF-E623-4E61-96F6-C3B0306B5373}.Release GDC|x64.Build.0 = Default|Any CPU
		{E3BCBACF-E623-4E61-96F6-C3B0306B5373}.Release GDC|x86.ActiveCfg = Default|Any CPU
		{E3BCBACF-E623-4E61-96F6-C3B0306B5373}.Release GDC|x86.Build.0 = Default|Any CPU
		{E3BCBACF-E623-4E61-96F6-C3B0306B5373}.Release|Any CPU.ActiveCfg = Default|Any CPU
		{E3BCBACF-E623-4E61-96F6-C3B0306B5373}.Release|Any CPU.Build.0 = Default|Any CPU
	EndGlobalSection
	GlobalSection(NestedProjects) = preSolution
		{ECC22CF4-7EC8-4857-93E7-343892BD7258} = {D5097E94-3C40-46D9-A46B-F6F32D4E08B4}
		{5646FD4C-A481-4FB4-84D8-80C51BFB40A3} = {D5097E94-3C40-46D9-A46B-F6F32D4E08B4}
		{67F57504-7F2F-4670-BB9E-5801B4DBA99A} = {D5097E94-3C40-46D9-A46B-F6F32D4E08B4}
		{C3B6FE2A-E046-477B-9DE5-BFB862FE3298} = {ECC22CF4-7EC8-4857-93E7-343892BD7258}
		{834F80D2-57C2-4E82-B6F8-EF39294A6A4F} = {5646FD4C-A481-4FB4-84D8-80C51BFB40A3}
		{7DF2A99B-0DD7-4D6D-9EBB-14FA67DC4716} = {67F57504-7F2F-4670-BB9E-5801B4DBA99A}
		{E3BCBACF-E623-4E61-96F6-C3B0306B5373} = {67F57504-7F2F-4670-BB9E-5801B4DBA99A}
		{D91728C6-3DEF-4A60-A625-8DD0DDE3CF8B} = {67F57504-7F2F-4670-BB9E-5801B4DBA99A}
	EndGlobalSection
	GlobalSection(SolutionProperties) = preSolution
		HideSolutionNode = FALSE
	EndGlobalSection
EndGlobal
