
Microsoft Visual Studio Solution File, Format Version 12.00
# Visual Studio 14
VisualStudioVersion = 14.0.23107.0
MinimumVisualStudioVersion = 10.0.40219.1
Project("{002A2DE9-8BB6-484D-9802-7E4AD4084715}") = "Kernel", "KernelLand\Kernel\Kernel.visualdproj", "{788CD353-DD9E-4C07-B20D-2774EDB448FB}"
EndProject
Project("{2150E333-8FDC-42A3-9474-1A3956D46DE8}") = "Modules", "Modules", "{D5097E94-3C40-46D9-A46B-F6F32D4E08B4}"
EndProject
Project("{2150E333-8FDC-42A3-9474-1A3956D46DE8}") = "Filesystem", "Filesystem", "{ECC22CF4-7EC8-4857-93E7-343892BD7258}"
EndProject
Project("{002A2DE9-8BB6-484D-9802-7E4AD4084715}") = "Ext2", "KernelLand\Modules\Filesystem\Ext2\Ext2.visualdproj", "{61FE45B3-8DCD-4387-BB10-A03121480D2D}"
EndProject
Project("{2150E333-8FDC-42A3-9474-1A3956D46DE8}") = "Storage", "Storage", "{5646FD4C-A481-4FB4-84D8-80C51BFB40A3}"
EndProject
Project("{002A2DE9-8BB6-484D-9802-7E4AD4084715}") = "ATA", "KernelLand\Modules\Storage\ATA\ATA.visualdproj", "{2492D486-D64D-45B9-BC32-2E4B5690F534}"
EndProject
Project("{2150E333-8FDC-42A3-9474-1A3956D46DE8}") = "Input", "Input", "{67F57504-7F2F-4670-BB9E-5801B4DBA99A}"
EndProject
Project("{002A2DE9-8BB6-484D-9802-7E4AD4084715}") = "Keyboard", "KernelLand\Modules\Input\Keyboard\Keyboard.visualdproj", "{6660A25A-2CE6-4642-B541-34B06CF2B43E}"
EndProject
Project("{002A2DE9-8BB6-484D-9802-7E4AD4084715}") = "Mouse", "KernelLand\Modules\Input\Mouse\Mouse.visualdproj", "{E31AA2E4-09D9-479F-B8C5-EB6C8864CC34}"
EndProject
Project("{002A2DE9-8BB6-484D-9802-7E4AD4084715}") = "PS2KeyboardMouse", "KernelLand\Modules\Input\PS2KeyboardMouse\PS2KeyboardMouse.visualdproj", "{3D2F86CD-1738-480D-914B-8F394073E9DD}"
EndProject
Global
	GlobalSection(SolutionConfigurationPlatforms) = preSolution
		Debug DMD|x64 = Debug DMD|x64
		Debug DMD|x86 = Debug DMD|x86
		Debug GDC|x64 = Debug GDC|x64
		Debug GDC|x86 = Debug GDC|x86
		Release DMD|x64 = Release DMD|x64
		Release DMD|x86 = Release DMD|x86
		Release GDC|x64 = Release GDC|x64
		Release GDC|x86 = Release GDC|x86
	EndGlobalSection
	GlobalSection(ProjectConfigurationPlatforms) = postSolution
		{788CD353-DD9E-4C07-B20D-2774EDB448FB}.Debug DMD|x64.ActiveCfg = Release DMD|x64
		{788CD353-DD9E-4C07-B20D-2774EDB448FB}.Debug DMD|x64.Build.0 = Release DMD|x64
		{788CD353-DD9E-4C07-B20D-2774EDB448FB}.Debug DMD|x86.ActiveCfg = Debug DMD|Win32
		{788CD353-DD9E-4C07-B20D-2774EDB448FB}.Debug DMD|x86.Build.0 = Debug DMD|Win32
		{788CD353-DD9E-4C07-B20D-2774EDB448FB}.Debug GDC|x64.ActiveCfg = Debug GDC|x64
		{788CD353-DD9E-4C07-B20D-2774EDB448FB}.Debug GDC|x64.Build.0 = Debug GDC|x64
		{788CD353-DD9E-4C07-B20D-2774EDB448FB}.Debug GDC|x86.ActiveCfg = Debug GDC|Win32
		{788CD353-DD9E-4C07-B20D-2774EDB448FB}.Debug GDC|x86.Build.0 = Debug GDC|Win32
		{788CD353-DD9E-4C07-B20D-2774EDB448FB}.Release DMD|x64.ActiveCfg = Release DMD|x64
		{788CD353-DD9E-4C07-B20D-2774EDB448FB}.Release DMD|x64.Build.0 = Release DMD|x64
		{788CD353-DD9E-4C07-B20D-2774EDB448FB}.Release DMD|x86.ActiveCfg = Release DMD|Win32
		{788CD353-DD9E-4C07-B20D-2774EDB448FB}.Release DMD|x86.Build.0 = Release DMD|Win32
		{788CD353-DD9E-4C07-B20D-2774EDB448FB}.Release GDC|x64.ActiveCfg = Release GDC|x64
		{788CD353-DD9E-4C07-B20D-2774EDB448FB}.Release GDC|x64.Build.0 = Release GDC|x64
		{788CD353-DD9E-4C07-B20D-2774EDB448FB}.Release GDC|x86.ActiveCfg = Release GDC|Win32
		{788CD353-DD9E-4C07-B20D-2774EDB448FB}.Release GDC|x86.Build.0 = Release GDC|Win32
		{61FE45B3-8DCD-4387-BB10-A03121480D2D}.Debug DMD|x64.ActiveCfg = Debug DMD|x64
		{61FE45B3-8DCD-4387-BB10-A03121480D2D}.Debug DMD|x64.Build.0 = Debug DMD|x64
		{61FE45B3-8DCD-4387-BB10-A03121480D2D}.Debug DMD|x86.ActiveCfg = Debug DMD|Win32
		{61FE45B3-8DCD-4387-BB10-A03121480D2D}.Debug DMD|x86.Build.0 = Debug DMD|Win32
		{61FE45B3-8DCD-4387-BB10-A03121480D2D}.Debug GDC|x64.ActiveCfg = Debug GDC|x64
		{61FE45B3-8DCD-4387-BB10-A03121480D2D}.Debug GDC|x64.Build.0 = Debug GDC|x64
		{61FE45B3-8DCD-4387-BB10-A03121480D2D}.Debug GDC|x86.ActiveCfg = Debug GDC|Win32
		{61FE45B3-8DCD-4387-BB10-A03121480D2D}.Debug GDC|x86.Build.0 = Debug GDC|Win32
		{61FE45B3-8DCD-4387-BB10-A03121480D2D}.Release DMD|x64.ActiveCfg = Release DMD|x64
		{61FE45B3-8DCD-4387-BB10-A03121480D2D}.Release DMD|x64.Build.0 = Release DMD|x64
		{61FE45B3-8DCD-4387-BB10-A03121480D2D}.Release DMD|x86.ActiveCfg = Release DMD|Win32
		{61FE45B3-8DCD-4387-BB10-A03121480D2D}.Release DMD|x86.Build.0 = Release DMD|Win32
		{61FE45B3-8DCD-4387-BB10-A03121480D2D}.Release GDC|x64.ActiveCfg = Release GDC|x64
		{61FE45B3-8DCD-4387-BB10-A03121480D2D}.Release GDC|x64.Build.0 = Release GDC|x64
		{61FE45B3-8DCD-4387-BB10-A03121480D2D}.Release GDC|x86.ActiveCfg = Release GDC|Win32
		{61FE45B3-8DCD-4387-BB10-A03121480D2D}.Release GDC|x86.Build.0 = Release GDC|Win32
		{2492D486-D64D-45B9-BC32-2E4B5690F534}.Debug DMD|x64.ActiveCfg = Debug DMD|x64
		{2492D486-D64D-45B9-BC32-2E4B5690F534}.Debug DMD|x64.Build.0 = Debug DMD|x64
		{2492D486-D64D-45B9-BC32-2E4B5690F534}.Debug DMD|x86.ActiveCfg = Debug DMD|Win32
		{2492D486-D64D-45B9-BC32-2E4B5690F534}.Debug DMD|x86.Build.0 = Debug DMD|Win32
		{2492D486-D64D-45B9-BC32-2E4B5690F534}.Debug GDC|x64.ActiveCfg = Debug GDC|x64
		{2492D486-D64D-45B9-BC32-2E4B5690F534}.Debug GDC|x64.Build.0 = Debug GDC|x64
		{2492D486-D64D-45B9-BC32-2E4B5690F534}.Debug GDC|x86.ActiveCfg = Debug GDC|Win32
		{2492D486-D64D-45B9-BC32-2E4B5690F534}.Debug GDC|x86.Build.0 = Debug GDC|Win32
		{2492D486-D64D-45B9-BC32-2E4B5690F534}.Release DMD|x64.ActiveCfg = Release DMD|x64
		{2492D486-D64D-45B9-BC32-2E4B5690F534}.Release DMD|x64.Build.0 = Release DMD|x64
		{2492D486-D64D-45B9-BC32-2E4B5690F534}.Release DMD|x86.ActiveCfg = Release DMD|Win32
		{2492D486-D64D-45B9-BC32-2E4B5690F534}.Release DMD|x86.Build.0 = Release DMD|Win32
		{2492D486-D64D-45B9-BC32-2E4B5690F534}.Release GDC|x64.ActiveCfg = Release GDC|x64
		{2492D486-D64D-45B9-BC32-2E4B5690F534}.Release GDC|x64.Build.0 = Release GDC|x64
		{2492D486-D64D-45B9-BC32-2E4B5690F534}.Release GDC|x86.ActiveCfg = Release GDC|Win32
		{2492D486-D64D-45B9-BC32-2E4B5690F534}.Release GDC|x86.Build.0 = Release GDC|Win32
		{6660A25A-2CE6-4642-B541-34B06CF2B43E}.Debug DMD|x64.ActiveCfg = Debug DMD|x64
		{6660A25A-2CE6-4642-B541-34B06CF2B43E}.Debug DMD|x64.Build.0 = Debug DMD|x64
		{6660A25A-2CE6-4642-B541-34B06CF2B43E}.Debug DMD|x86.ActiveCfg = Debug DMD|Win32
		{6660A25A-2CE6-4642-B541-34B06CF2B43E}.Debug DMD|x86.Build.0 = Debug DMD|Win32
		{6660A25A-2CE6-4642-B541-34B06CF2B43E}.Debug GDC|x64.ActiveCfg = Debug GDC|x64
		{6660A25A-2CE6-4642-B541-34B06CF2B43E}.Debug GDC|x64.Build.0 = Debug GDC|x64
		{6660A25A-2CE6-4642-B541-34B06CF2B43E}.Debug GDC|x86.ActiveCfg = Debug GDC|Win32
		{6660A25A-2CE6-4642-B541-34B06CF2B43E}.Debug GDC|x86.Build.0 = Debug GDC|Win32
		{6660A25A-2CE6-4642-B541-34B06CF2B43E}.Release DMD|x64.ActiveCfg = Release DMD|x64
		{6660A25A-2CE6-4642-B541-34B06CF2B43E}.Release DMD|x64.Build.0 = Release DMD|x64
		{6660A25A-2CE6-4642-B541-34B06CF2B43E}.Release DMD|x86.ActiveCfg = Release DMD|Win32
		{6660A25A-2CE6-4642-B541-34B06CF2B43E}.Release DMD|x86.Build.0 = Release DMD|Win32
		{6660A25A-2CE6-4642-B541-34B06CF2B43E}.Release GDC|x64.ActiveCfg = Release GDC|x64
		{6660A25A-2CE6-4642-B541-34B06CF2B43E}.Release GDC|x64.Build.0 = Release GDC|x64
		{6660A25A-2CE6-4642-B541-34B06CF2B43E}.Release GDC|x86.ActiveCfg = Release GDC|Win32
		{6660A25A-2CE6-4642-B541-34B06CF2B43E}.Release GDC|x86.Build.0 = Release GDC|Win32
		{E31AA2E4-09D9-479F-B8C5-EB6C8864CC34}.Debug DMD|x64.ActiveCfg = Debug DMD|x64
		{E31AA2E4-09D9-479F-B8C5-EB6C8864CC34}.Debug DMD|x64.Build.0 = Debug DMD|x64
		{E31AA2E4-09D9-479F-B8C5-EB6C8864CC34}.Debug DMD|x86.ActiveCfg = Debug DMD|Win32
		{E31AA2E4-09D9-479F-B8C5-EB6C8864CC34}.Debug DMD|x86.Build.0 = Debug DMD|Win32
		{E31AA2E4-09D9-479F-B8C5-EB6C8864CC34}.Debug GDC|x64.ActiveCfg = Debug GDC|x64
		{E31AA2E4-09D9-479F-B8C5-EB6C8864CC34}.Debug GDC|x64.Build.0 = Debug GDC|x64
		{E31AA2E4-09D9-479F-B8C5-EB6C8864CC34}.Debug GDC|x86.ActiveCfg = Debug GDC|Win32
		{E31AA2E4-09D9-479F-B8C5-EB6C8864CC34}.Debug GDC|x86.Build.0 = Debug GDC|Win32
		{E31AA2E4-09D9-479F-B8C5-EB6C8864CC34}.Release DMD|x64.ActiveCfg = Release DMD|x64
		{E31AA2E4-09D9-479F-B8C5-EB6C8864CC34}.Release DMD|x64.Build.0 = Release DMD|x64
		{E31AA2E4-09D9-479F-B8C5-EB6C8864CC34}.Release DMD|x86.ActiveCfg = Release DMD|Win32
		{E31AA2E4-09D9-479F-B8C5-EB6C8864CC34}.Release DMD|x86.Build.0 = Release DMD|Win32
		{E31AA2E4-09D9-479F-B8C5-EB6C8864CC34}.Release GDC|x64.ActiveCfg = Release GDC|x64
		{E31AA2E4-09D9-479F-B8C5-EB6C8864CC34}.Release GDC|x64.Build.0 = Release GDC|x64
		{E31AA2E4-09D9-479F-B8C5-EB6C8864CC34}.Release GDC|x86.ActiveCfg = Release GDC|Win32
		{E31AA2E4-09D9-479F-B8C5-EB6C8864CC34}.Release GDC|x86.Build.0 = Release GDC|Win32
		{3D2F86CD-1738-480D-914B-8F394073E9DD}.Debug DMD|x64.ActiveCfg = Debug DMD|x64
		{3D2F86CD-1738-480D-914B-8F394073E9DD}.Debug DMD|x64.Build.0 = Debug DMD|x64
		{3D2F86CD-1738-480D-914B-8F394073E9DD}.Debug DMD|x86.ActiveCfg = Debug DMD|Win32
		{3D2F86CD-1738-480D-914B-8F394073E9DD}.Debug DMD|x86.Build.0 = Debug DMD|Win32
		{3D2F86CD-1738-480D-914B-8F394073E9DD}.Debug GDC|x64.ActiveCfg = Debug GDC|x64
		{3D2F86CD-1738-480D-914B-8F394073E9DD}.Debug GDC|x64.Build.0 = Debug GDC|x64
		{3D2F86CD-1738-480D-914B-8F394073E9DD}.Debug GDC|x86.ActiveCfg = Debug GDC|Win32
		{3D2F86CD-1738-480D-914B-8F394073E9DD}.Debug GDC|x86.Build.0 = Debug GDC|Win32
		{3D2F86CD-1738-480D-914B-8F394073E9DD}.Release DMD|x64.ActiveCfg = Release DMD|x64
		{3D2F86CD-1738-480D-914B-8F394073E9DD}.Release DMD|x64.Build.0 = Release DMD|x64
		{3D2F86CD-1738-480D-914B-8F394073E9DD}.Release DMD|x86.ActiveCfg = Release DMD|Win32
		{3D2F86CD-1738-480D-914B-8F394073E9DD}.Release DMD|x86.Build.0 = Release DMD|Win32
		{3D2F86CD-1738-480D-914B-8F394073E9DD}.Release GDC|x64.ActiveCfg = Release GDC|x64
		{3D2F86CD-1738-480D-914B-8F394073E9DD}.Release GDC|x64.Build.0 = Release GDC|x64
		{3D2F86CD-1738-480D-914B-8F394073E9DD}.Release GDC|x86.ActiveCfg = Release GDC|Win32
		{3D2F86CD-1738-480D-914B-8F394073E9DD}.Release GDC|x86.Build.0 = Release GDC|Win32
	EndGlobalSection
	GlobalSection(SolutionProperties) = preSolution
		HideSolutionNode = FALSE
	EndGlobalSection
	GlobalSection(NestedProjects) = preSolution
		{ECC22CF4-7EC8-4857-93E7-343892BD7258} = {D5097E94-3C40-46D9-A46B-F6F32D4E08B4}
		{61FE45B3-8DCD-4387-BB10-A03121480D2D} = {ECC22CF4-7EC8-4857-93E7-343892BD7258}
		{5646FD4C-A481-4FB4-84D8-80C51BFB40A3} = {D5097E94-3C40-46D9-A46B-F6F32D4E08B4}
		{2492D486-D64D-45B9-BC32-2E4B5690F534} = {5646FD4C-A481-4FB4-84D8-80C51BFB40A3}
		{67F57504-7F2F-4670-BB9E-5801B4DBA99A} = {D5097E94-3C40-46D9-A46B-F6F32D4E08B4}
		{6660A25A-2CE6-4642-B541-34B06CF2B43E} = {67F57504-7F2F-4670-BB9E-5801B4DBA99A}
		{E31AA2E4-09D9-479F-B8C5-EB6C8864CC34} = {67F57504-7F2F-4670-BB9E-5801B4DBA99A}
		{3D2F86CD-1738-480D-914B-8F394073E9DD} = {67F57504-7F2F-4670-BB9E-5801B4DBA99A}
	EndGlobalSection
EndGlobal
