<?xml version="1.0" encoding="utf-8"?>
<Project DefaultTargets="Build" ToolsVersion="4.0" xmlns="http://schemas.microsoft.com/developer/msbuild/2003">
  <PropertyGroup>
    <Configuration Condition=" '$(Configuration)' == '' ">Debug</Configuration>
    <Platform Condition=" '$(Platform)' == '' ">AnyCPU</Platform>
    <ProjectGuid>{97D14203-57EC-4E79-9B90-8B1B863526F8}</ProjectGuid>
    <UseDefaultCompiler>true</UseDefaultCompiler>
    <IncrementalLinking>true</IncrementalLinking>
    <PreferOneStepBuild>true</PreferOneStepBuild>
    <Compiler>DMD2</Compiler>
  </PropertyGroup>
  <PropertyGroup Condition=" '$(Configuration)|$(Platform)' == 'Debug|AnyCPU' ">
    <DebugSymbols>true</DebugSymbols>
    <OutputPath>bin\Debug</OutputPath>
    <LinkinThirdPartyLibraries>false</LinkinThirdPartyLibraries>
    <ObjectsDirectory>obj\Debug</ObjectsDirectory>
    <DebugLevel>0</DebugLevel>
    <UnittestMode>false</UnittestMode>
    <Externalconsole>true</Externalconsole>
    <Target>SharedLibrary</Target>
    <OutputName>Runtime</OutputName>
    <CustomCommands>
      <CustomCommands>
        <Command type="Build" command="../../../Tools/Win.bat make -C Userspace/tmp/Runtime" />
        <Command type="Clean" command="../../../Tools/Win.bat make clean -C Userspace/tmp/Runtime" />
      </CustomCommands>
    </CustomCommands>
  </PropertyGroup>
  <PropertyGroup Condition=" '$(Configuration)|$(Platform)' == 'Release|AnyCPU' ">
    <OutputPath>bin\Release</OutputPath>
    <LinkinThirdPartyLibraries>false</LinkinThirdPartyLibraries>
    <ObjectsDirectory>obj\Release</ObjectsDirectory>
    <DebugLevel>0</DebugLevel>
    <UnittestMode>false</UnittestMode>
    <Externalconsole>true</Externalconsole>
    <Target>Executable</Target>
    <OutputName>Runtime</OutputName>
  </PropertyGroup>
  <PropertyGroup Condition=" '$(Configuration)|$(Platform)' == 'Unittest|AnyCPU' ">
    <DebugSymbols>true</DebugSymbols>
    <OutputPath>bin\Unittest</OutputPath>
    <LinkinThirdPartyLibraries>false</LinkinThirdPartyLibraries>
    <ObjectsDirectory>obj\Unittest</ObjectsDirectory>
    <DebugLevel>0</DebugLevel>
    <UnittestMode>true</UnittestMode>
    <Externalconsole>true</Externalconsole>
    <Target>Executable</Target>
    <OutputName>Runtime</OutputName>
  </PropertyGroup>
  <ItemGroup>
    <Compile Include="main.d" />
    <Compile Include="object.d" />
    <Compile Include="Runtime\Core\Exception.d" />
    <Compile Include="invariant.d" />
    <Compile Include="Runtime\Cast.d" />
    <Compile Include="Runtime\Monitor.d" />
    <Compile Include="Runtime\Core\Throw.d" />
    <Compile Include="Runtime\TypeInfo\ti_Ag.d" />
    <Compile Include="Runtime\TypeInfo\ti_AC.d" />
    <Compile Include="Runtime\TypeInfo\ti_Acdouble.d" />
    <Compile Include="Runtime\Utilities\Hash.d" />
    <Compile Include="Runtime\TypeInfo\ti_cdouble.d" />
    <Compile Include="Runtime\TypeInfo\ti_wchar.d" />
    <Compile Include="Runtime\TypeInfo\ti_void.d" />
    <Compile Include="Runtime\TypeInfo\ti_ushort.d" />
    <Compile Include="Runtime\TypeInfo\ti_ulong.d" />
    <Compile Include="Runtime\TypeInfo\ti_uint.d" />
    <Compile Include="Runtime\TypeInfo\ti_ubyte.d" />
    <Compile Include="Runtime\TypeInfo\ti_short.d" />
    <Compile Include="Runtime\TypeInfo\ti_long.d" />
    <Compile Include="Runtime\TypeInfo\ti_int.d" />
    <Compile Include="Runtime\TypeInfo\ti_byte.d" />
    <Compile Include="Runtime\TypeInfo\ti_real.d" />
    <Compile Include="Runtime\TypeInfo\ti_ptr.d" />
    <Compile Include="Runtime\TypeInfo\ti_ireal.d" />
    <Compile Include="Runtime\TypeInfo\ti_ifloat.d" />
    <Compile Include="Runtime\TypeInfo\ti_float.d" />
    <Compile Include="Runtime\TypeInfo\ti_double.d" />
    <Compile Include="Runtime\TypeInfo\ti_idouble.d" />
    <Compile Include="Runtime\TypeInfo\ti_delegate.d" />
    <Compile Include="Runtime\TypeInfo\ti_C.d" />
    <Compile Include="Runtime\TypeInfo\ti_char.d" />
    <Compile Include="Runtime\TypeInfo\ti_dchar.d" />
    <Compile Include="Runtime\TypeInfo\ti_creal.d" />
    <Compile Include="Runtime\TypeInfo\ti_cfloat.d" />
    <Compile Include="Runtime\TypeInfo\ti_Ashort.d" />
    <Compile Include="Runtime\Utilities\Memory.d" />
    <Compile Include="Runtime\TypeInfo\ti_Areal.d" />
    <Compile Include="Runtime\TypeInfo\ti_Along.d" />
    <Compile Include="Runtime\TypeInfo\ti_Aint.d" />
    <Compile Include="Runtime\TypeInfo\ti_Afloat.d" />
  </ItemGroup>
  <ItemGroup>
    <Folder Include="Runtime\" />
    <Folder Include="Runtime\Core\" />
    <Folder Include="Runtime\TypeInfo\" />
    <Folder Include="Runtime\Utilities\" />
  </ItemGroup>
</Project>