<?xml version="1.0" encoding="utf-8"?>
<Project DefaultTargets="Build" ToolsVersion="4.0" xmlns="http://schemas.microsoft.com/developer/msbuild/2003">
  <PropertyGroup>
    <Configuration Condition=" '$(Configuration)' == '' ">Debug</Configuration>
    <Platform Condition=" '$(Platform)' == '' ">AnyCPU</Platform>
    <ProjectGuid>{F2101593-B196-45D3-9C22-AA77CBE76254}</ProjectGuid>
    <Compiler>DMD2</Compiler>
    <PreferOneStepBuild>true</PreferOneStepBuild>
    <UseDefaultCompiler>true</UseDefaultCompiler>
    <IncrementalLinking>true</IncrementalLinking>
    <Includes>
      <Includes>
        <Path>../../../Kernel</Path>
      </Includes>
    </Includes>
  </PropertyGroup>
  <PropertyGroup Condition=" '$(Configuration)|$(Platform)' == 'Debug|AnyCPU' ">
    <DebugSymbols>true</DebugSymbols>
    <OutputPath>bin\Debug</OutputPath>
    <ObjectsDirectory>obj/Debug</ObjectsDirectory>
    <LinkinThirdPartyLibraries>false</LinkinThirdPartyLibraries>
    <UnittestMode>false</UnittestMode>
    <OutputName>Mouse</OutputName>
    <Target>Executable</Target>
    <Externalconsole>true</Externalconsole>
    <DebugLevel>0</DebugLevel>
  </PropertyGroup>
  <PropertyGroup Condition=" '$(Configuration)|$(Platform)' == 'Release|AnyCPU' ">
    <OutputPath>bin\Release</OutputPath>
    <ObjectsDirectory>obj/Release</ObjectsDirectory>
    <LinkinThirdPartyLibraries>false</LinkinThirdPartyLibraries>
    <UnittestMode>false</UnittestMode>
    <OutputName>Mouse</OutputName>
    <Target>Executable</Target>
    <Externalconsole>true</Externalconsole>
    <DebugLevel>0</DebugLevel>
  </PropertyGroup>
  <PropertyGroup Condition=" '$(Configuration)|$(Platform)' == 'Unittest|AnyCPU' ">
    <DebugSymbols>true</DebugSymbols>
    <OutputPath>bin\Unittest</OutputPath>
    <ObjectsDirectory>obj/Unittest</ObjectsDirectory>
    <LinkinThirdPartyLibraries>false</LinkinThirdPartyLibraries>
    <UnittestMode>true</UnittestMode>
    <OutputName>Mouse</OutputName>
    <Target>Executable</Target>
    <Externalconsole>true</Externalconsole>
    <DebugLevel>0</DebugLevel>
  </PropertyGroup>
  <ItemGroup>
    <Compile Include="Main.d" />
    <Compile Include="DriverInfo.d" />
  </ItemGroup>
</Project>