<?xml version="1.0" encoding="utf-8"?>
<Project DefaultTargets="Build" ToolsVersion="4.0" xmlns="http://schemas.microsoft.com/developer/msbuild/2003">
  <PropertyGroup>
    <Configuration Condition=" '$(Configuration)' == '' ">Debug</Configuration>
    <Platform Condition=" '$(Platform)' == '' ">AnyCPU</Platform>
    <ProjectGuid>{97D14203-57EC-4E79-9B90-8B1B863526F8}</ProjectGuid>
    <UseDefaultCompiler>true</UseDefaultCompiler>
    <IncrementalLinking>true</IncrementalLinking>
    <PreferOneStepBuild>true</PreferOneStepBuild>
    <Compiler>DMD2</Compiler>
  </PropertyGroup>
  <PropertyGroup Condition=" '$(Configuration)|$(Platform)' == 'Debug|AnyCPU' ">
    <DebugSymbols>true</DebugSymbols>
    <OutputPath>bin\Debug</OutputPath>
    <LinkinThirdPartyLibraries>false</LinkinThirdPartyLibraries>
    <ObjectsDirectory>obj\Debug</ObjectsDirectory>
    <DebugLevel>0</DebugLevel>
    <UnittestMode>false</UnittestMode>
    <Externalconsole>true</Externalconsole>
    <Target>SharedLibrary</Target>
    <OutputName>Runtime</OutputName>
    <CustomCommands>
      <CustomCommands>
        <Command type="Build" command="D:\Instalacky\plink.exe -ssh -l root -i G:/private2.ppk 192.168.0.104 cd /os/Source/Runtime/;make" />
        <Command type="Clean" command="D:\Instalacky\plink.exe -ssh -l root -i G:/private2.ppk 192.168.0.104 cd /os/Source/Runtime/;make clean" />
      </CustomCommands>
    </CustomCommands>
  </PropertyGroup>
  <PropertyGroup Condition=" '$(Configuration)|$(Platform)' == 'Release|AnyCPU' ">
    <OutputPath>bin\Release</OutputPath>
    <LinkinThirdPartyLibraries>false</LinkinThirdPartyLibraries>
    <ObjectsDirectory>obj\Release</ObjectsDirectory>
    <DebugLevel>0</DebugLevel>
    <UnittestMode>false</UnittestMode>
    <Externalconsole>true</Externalconsole>
    <Target>Executable</Target>
    <OutputName>Runtime</OutputName>
  </PropertyGroup>
  <PropertyGroup Condition=" '$(Configuration)|$(Platform)' == 'Unittest|AnyCPU' ">
    <DebugSymbols>true</DebugSymbols>
    <OutputPath>bin\Unittest</OutputPath>
    <LinkinThirdPartyLibraries>false</LinkinThirdPartyLibraries>
    <ObjectsDirectory>obj\Unittest</ObjectsDirectory>
    <DebugLevel>0</DebugLevel>
    <UnittestMode>true</UnittestMode>
    <Externalconsole>true</Externalconsole>
    <Target>Executable</Target>
    <OutputName>Runtime</OutputName>
  </PropertyGroup>
  <ItemGroup>
    <Compile Include="main.d" />
    <Compile Include="object.d" />
    <Compile Include="Runtime\Core\Exception.d" />
    <Compile Include="invariant.d" />
    <Compile Include="Runtime\Cast.d" />
    <Compile Include="Runtime\Monitor.d" />
  </ItemGroup>
  <ItemGroup>
    <Folder Include="Runtime\" />
    <Folder Include="Runtime\Core\" />
  </ItemGroup>
</Project>